
Microsoft Visual Studio Solution File, Format Version 12.00
# Visual Studio Version 17
VisualStudioVersion = 17.7.34031.279
MinimumVisualStudioVersion = 10.0.40219.1
Project("{FAE04EC0-301F-11D3-BF4B-00C04F79EFBC}") = "Freestyle", "Freestyle.csproj", "{54BD488A-DA77-4C1F-AD2A-3ED4ECEF5B8B}"
EndProject
Global
	GlobalSection(SolutionConfigurationPlatforms) = preSolution
		Debug|Any CPU = Debug|Any CPU
		Release|Any CPU = Release|Any CPU
	EndGlobalSection
	GlobalSection(ProjectConfigurationPlatforms) = postSolution
		{54BD488A-DA77-4C1F-AD2A-3ED4ECEF5B8B}.Debug|Any CPU.ActiveCfg = Debug|Any CPU
		{54BD488A-DA77-4C1F-AD2A-3ED4ECEF5B8B}.Debug|Any CPU.Build.0 = Debug|Any CPU
		{54BD488A-DA77-4C1F-AD2A-3ED4ECEF5B8B}.Release|Any CPU.ActiveCfg = Release|Any CPU
		{54BD488A-DA77-4C1F-AD2A-3ED4ECEF5B8B}.Release|Any CPU.Build.0 = Release|Any CPU
	EndGlobalSection
	GlobalSection(SolutionProperties) = preSolution
		HideSolutionNode = FALSE
	EndGlobalSection
	GlobalSection(ExtensibilityGlobals) = postSolution
		SolutionGuid = {43705E10-EB65-4240-82A6-F79B7F4BAA5A}
	EndGlobalSection
EndGlobal
